// !$*UTF8*$!
{
	archiveVersion = 1;
	classes = {
	};
	objectVersion = 46;
	objects = {

/* Begin PBXBuildFile section */
		DE9DBBB01B10EA0F00DF9283 /* Sign-In-Bg.jpg in Resources */ = {isa = PBXBuildFile; fileRef = DE9DBBAF1B10EA0F00DF9283 /* Sign-In-Bg.jpg */; };
		DE9DBBB21B10EE1A00DF9283 /* Icon-76@3x.png in Resources */ = {isa = PBXBuildFile; fileRef = DE9DBBB11B10EE1A00DF9283 /* Icon-76@3x.png */; };
		DE9DBBBA1B131CAA00DF9283 /* SwiftyJSON.swift in Sources */ = {isa = PBXBuildFile; fileRef = DE9DBBB91B131CAA00DF9283 /* SwiftyJSON.swift */; };
		DECEF2651B0ECFFA002F7ECF /* AppDelegate.swift in Sources */ = {isa = PBXBuildFile; fileRef = DECEF2641B0ECFFA002F7ECF /* AppDelegate.swift */; };
		DECEF2681B0ECFFA002F7ECF /* iHuman.xcdatamodeld in Sources */ = {isa = PBXBuildFile; fileRef = DECEF2661B0ECFFA002F7ECF /* iHuman.xcdatamodeld */; };
		DECEF26A1B0ECFFA002F7ECF /* ViewController.swift in Sources */ = {isa = PBXBuildFile; fileRef = DECEF2691B0ECFFA002F7ECF /* ViewController.swift */; };
		DECEF26D1B0ECFFA002F7ECF /* Main.storyboard in Resources */ = {isa = PBXBuildFile; fileRef = DECEF26B1B0ECFFA002F7ECF /* Main.storyboard */; };
		DECEF26F1B0ECFFA002F7ECF /* Images.xcassets in Resources */ = {isa = PBXBuildFile; fileRef = DECEF26E1B0ECFFA002F7ECF /* Images.xcassets */; };
		DECEF2721B0ECFFA002F7ECF /* LaunchScreen.xib in Resources */ = {isa = PBXBuildFile; fileRef = DECEF2701B0ECFFA002F7ECF /* LaunchScreen.xib */; };
		DECEF27E1B0ECFFA002F7ECF /* iHumanTests.swift in Sources */ = {isa = PBXBuildFile; fileRef = DECEF27D1B0ECFFA002F7ECF /* iHumanTests.swift */; };
		DECEF2881B0ED4DC002F7ECF /* libGoogleAnalyticsServices.a in Frameworks */ = {isa = PBXBuildFile; fileRef = DECEF2871B0ED4DC002F7ECF /* libGoogleAnalyticsServices.a */; };
		DECEF28A1B0ED50D002F7ECF /* CoreData.framework in Frameworks */ = {isa = PBXBuildFile; fileRef = DECEF2891B0ED50D002F7ECF /* CoreData.framework */; };
		DECEF28C1B0ED51F002F7ECF /* SystemConfiguration.framework in Frameworks */ = {isa = PBXBuildFile; fileRef = DECEF28B1B0ED51F002F7ECF /* SystemConfiguration.framework */; };
		DECEF28E1B0ED53E002F7ECF /* libz.dylib in Frameworks */ = {isa = PBXBuildFile; fileRef = DECEF28D1B0ED53E002F7ECF /* libz.dylib */; };
		DECEF2901B0ED54A002F7ECF /* libsqlite3.dylib in Frameworks */ = {isa = PBXBuildFile; fileRef = DECEF28F1B0ED54A002F7ECF /* libsqlite3.dylib */; };
/* End PBXBuildFile section */

/* Begin PBXContainerItemProxy section */
		DECEF2781B0ECFFA002F7ECF /* PBXContainerItemProxy */ = {
			isa = PBXContainerItemProxy;
			containerPortal = DECEF2571B0ECFFA002F7ECF /* Project object */;
			proxyType = 1;
			remoteGlobalIDString = DECEF25E1B0ECFFA002F7ECF;
			remoteInfo = iHuman;
		};
/* End PBXContainerItemProxy section */

/* Begin PBXFileReference section */
		DE9DBBAF1B10EA0F00DF9283 /* Sign-In-Bg.jpg */ = {isa = PBXFileReference; lastKnownFileType = image.jpeg; path = "Sign-In-Bg.jpg"; sourceTree = "<group>"; };
		DE9DBBB11B10EE1A00DF9283 /* Icon-76@3x.png */ = {isa = PBXFileReference; lastKnownFileType = image.png; path = "Icon-76@3x.png"; sourceTree = "<group>"; };
		DE9DBBB91B131CAA00DF9283 /* SwiftyJSON.swift */ = {isa = PBXFileReference; fileEncoding = 4; lastKnownFileType = sourcecode.swift; path = SwiftyJSON.swift; sourceTree = "<group>"; };
		DECEF25F1B0ECFFA002F7ECF /* iHuman.app */ = {isa = PBXFileReference; explicitFileType = wrapper.application; includeInIndex = 0; path = iHuman.app; sourceTree = BUILT_PRODUCTS_DIR; };
		DECEF2631B0ECFFA002F7ECF /* Info.plist */ = {isa = PBXFileReference; lastKnownFileType = text.plist.xml; path = Info.plist; sourceTree = "<group>"; };
		DECEF2641B0ECFFA002F7ECF /* AppDelegate.swift */ = {isa = PBXFileReference; lastKnownFileType = sourcecode.swift; path = AppDelegate.swift; sourceTree = "<group>"; };
		DECEF2671B0ECFFA002F7ECF /* iHuman.xcdatamodel */ = {isa = PBXFileReference; lastKnownFileType = wrapper.xcdatamodel; path = iHuman.xcdatamodel; sourceTree = "<group>"; };
		DECEF2691B0ECFFA002F7ECF /* ViewController.swift */ = {isa = PBXFileReference; lastKnownFileType = sourcecode.swift; path = ViewController.swift; sourceTree = "<group>"; };
		DECEF26C1B0ECFFA002F7ECF /* Base */ = {isa = PBXFileReference; lastKnownFileType = file.storyboard; name = Base; path = Base.lproj/Main.storyboard; sourceTree = "<group>"; };
		DECEF26E1B0ECFFA002F7ECF /* Images.xcassets */ = {isa = PBXFileReference; lastKnownFileType = folder.assetcatalog; path = Images.xcassets; sourceTree = "<group>"; };
		DECEF2711B0ECFFA002F7ECF /* Base */ = {isa = PBXFileReference; lastKnownFileType = file.xib; name = Base; path = Base.lproj/LaunchScreen.xib; sourceTree = "<group>"; };
		DECEF2771B0ECFFA002F7ECF /* iHumanTests.xctest */ = {isa = PBXFileReference; explicitFileType = wrapper.cfbundle; includeInIndex = 0; path = iHumanTests.xctest; sourceTree = BUILT_PRODUCTS_DIR; };
		DECEF27C1B0ECFFA002F7ECF /* Info.plist */ = {isa = PBXFileReference; lastKnownFileType = text.plist.xml; path = Info.plist; sourceTree = "<group>"; };
		DECEF27D1B0ECFFA002F7ECF /* iHumanTests.swift */ = {isa = PBXFileReference; lastKnownFileType = sourcecode.swift; path = iHumanTests.swift; sourceTree = "<group>"; };
		DECEF2871B0ED4DC002F7ECF /* libGoogleAnalyticsServices.a */ = {isa = PBXFileReference; lastKnownFileType = archive.ar; name = libGoogleAnalyticsServices.a; path = ../../Downloads/GoogleAnalyticsServicesiOS_3.12/libGoogleAnalyticsServices.a; sourceTree = "<group>"; };
		DECEF2891B0ED50D002F7ECF /* CoreData.framework */ = {isa = PBXFileReference; lastKnownFileType = wrapper.framework; name = CoreData.framework; path = System/Library/Frameworks/CoreData.framework; sourceTree = SDKROOT; };
		DECEF28B1B0ED51F002F7ECF /* SystemConfiguration.framework */ = {isa = PBXFileReference; lastKnownFileType = wrapper.framework; name = SystemConfiguration.framework; path = System/Library/Frameworks/SystemConfiguration.framework; sourceTree = SDKROOT; };
		DECEF28D1B0ED53E002F7ECF /* libz.dylib */ = {isa = PBXFileReference; lastKnownFileType = "compiled.mach-o.dylib"; name = libz.dylib; path = usr/lib/libz.dylib; sourceTree = SDKROOT; };
		DECEF28F1B0ED54A002F7ECF /* libsqlite3.dylib */ = {isa = PBXFileReference; lastKnownFileType = "compiled.mach-o.dylib"; name = libsqlite3.dylib; path = usr/lib/libsqlite3.dylib; sourceTree = SDKROOT; };
		DECEF2911B0ED580002F7ECF /* GAI.h */ = {isa = PBXFileReference; lastKnownFileType = sourcecode.c.h; path = GAI.h; sourceTree = "<group>"; };
		DECEF2921B0ED580002F7ECF /* GAIDictionaryBuilder.h */ = {isa = PBXFileReference; lastKnownFileType = sourcecode.c.h; path = GAIDictionaryBuilder.h; sourceTree = "<group>"; };
		DECEF2931B0ED580002F7ECF /* GAIEcommerceFields.h */ = {isa = PBXFileReference; lastKnownFileType = sourcecode.c.h; path = GAIEcommerceFields.h; sourceTree = "<group>"; };
		DECEF2941B0ED580002F7ECF /* GAIEcommerceProduct.h */ = {isa = PBXFileReference; lastKnownFileType = sourcecode.c.h; path = GAIEcommerceProduct.h; sourceTree = "<group>"; };
		DECEF2951B0ED580002F7ECF /* GAIEcommerceProductAction.h */ = {isa = PBXFileReference; lastKnownFileType = sourcecode.c.h; path = GAIEcommerceProductAction.h; sourceTree = "<group>"; };
		DECEF2961B0ED580002F7ECF /* GAIEcommercePromotion.h */ = {isa = PBXFileReference; lastKnownFileType = sourcecode.c.h; path = GAIEcommercePromotion.h; sourceTree = "<group>"; };
		DECEF2971B0ED580002F7ECF /* GAIFields.h */ = {isa = PBXFileReference; lastKnownFileType = sourcecode.c.h; path = GAIFields.h; sourceTree = "<group>"; };
		DECEF2981B0ED580002F7ECF /* GAILogger.h */ = {isa = PBXFileReference; lastKnownFileType = sourcecode.c.h; path = GAILogger.h; sourceTree = "<group>"; };
		DECEF2991B0ED580002F7ECF /* GAITrackedViewController.h */ = {isa = PBXFileReference; lastKnownFileType = sourcecode.c.h; path = GAITrackedViewController.h; sourceTree = "<group>"; };
		DECEF29A1B0ED580002F7ECF /* GAITracker.h */ = {isa = PBXFileReference; lastKnownFileType = sourcecode.c.h; path = GAITracker.h; sourceTree = "<group>"; };
/* End PBXFileReference section */

/* Begin PBXFrameworksBuildPhase section */
		DECEF25C1B0ECFFA002F7ECF /* Frameworks */ = {
			isa = PBXFrameworksBuildPhase;
			buildActionMask = 2147483647;
			files = (
				DECEF2901B0ED54A002F7ECF /* libsqlite3.dylib in Frameworks */,
				DECEF28E1B0ED53E002F7ECF /* libz.dylib in Frameworks */,
				DECEF28C1B0ED51F002F7ECF /* SystemConfiguration.framework in Frameworks */,
				DECEF28A1B0ED50D002F7ECF /* CoreData.framework in Frameworks */,
				DECEF2881B0ED4DC002F7ECF /* libGoogleAnalyticsServices.a in Frameworks */,
			);
			runOnlyForDeploymentPostprocessing = 0;
		};
		DECEF2741B0ECFFA002F7ECF /* Frameworks */ = {
			isa = PBXFrameworksBuildPhase;
			buildActionMask = 2147483647;
			files = (
			);
			runOnlyForDeploymentPostprocessing = 0;
		};
/* End PBXFrameworksBuildPhase section */

/* Begin PBXGroup section */
		DE9DBBAD1B10E9BD00DF9283 /* Assets */ = {
			isa = PBXGroup;
			children = (
				DE9DBBAF1B10EA0F00DF9283 /* Sign-In-Bg.jpg */,
				DE9DBBB11B10EE1A00DF9283 /* Icon-76@3x.png */,
			);
			name = Assets;
			sourceTree = "<group>";
		};
		DE9DBBAE1B10E9C800DF9283 /* Frameworks */ = {
			isa = PBXGroup;
			children = (
				DE9DBBB91B131CAA00DF9283 /* SwiftyJSON.swift */,
				DECEF2911B0ED580002F7ECF /* GAI.h */,
				DECEF2921B0ED580002F7ECF /* GAIDictionaryBuilder.h */,
				DECEF2931B0ED580002F7ECF /* GAIEcommerceFields.h */,
				DECEF2941B0ED580002F7ECF /* GAIEcommerceProduct.h */,
				DECEF2951B0ED580002F7ECF /* GAIEcommerceProductAction.h */,
				DECEF2961B0ED580002F7ECF /* GAIEcommercePromotion.h */,
				DECEF2971B0ED580002F7ECF /* GAIFields.h */,
				DECEF29A1B0ED580002F7ECF /* GAITracker.h */,
				DECEF28F1B0ED54A002F7ECF /* libsqlite3.dylib */,
				DECEF28D1B0ED53E002F7ECF /* libz.dylib */,
				DECEF28B1B0ED51F002F7ECF /* SystemConfiguration.framework */,
				DECEF2891B0ED50D002F7ECF /* CoreData.framework */,
				DECEF2871B0ED4DC002F7ECF /* libGoogleAnalyticsServices.a */,
				DECEF2981B0ED580002F7ECF /* GAILogger.h */,
				DECEF2991B0ED580002F7ECF /* GAITrackedViewController.h */,
			);
			name = Frameworks;
			sourceTree = "<group>";
		};
		DECEF2561B0ECFFA002F7ECF = {
			isa = PBXGroup;
			children = (
				DE9DBBAE1B10E9C800DF9283 /* Frameworks */,
				DE9DBBAD1B10E9BD00DF9283 /* Assets */,
				DECEF2611B0ECFFA002F7ECF /* iHuman */,
				DECEF27A1B0ECFFA002F7ECF /* iHumanTests */,
				DECEF2601B0ECFFA002F7ECF /* Products */,
			);
			sourceTree = "<group>";
		};
		DECEF2601B0ECFFA002F7ECF /* Products */ = {
			isa = PBXGroup;
			children = (
				DECEF25F1B0ECFFA002F7ECF /* iHuman.app */,
				DECEF2771B0ECFFA002F7ECF /* iHumanTests.xctest */,
			);
			name = Products;
			sourceTree = "<group>";
		};
		DECEF2611B0ECFFA002F7ECF /* iHuman */ = {
			isa = PBXGroup;
			children = (
				DECEF2641B0ECFFA002F7ECF /* AppDelegate.swift */,
				DECEF2691B0ECFFA002F7ECF /* ViewController.swift */,
				DECEF26B1B0ECFFA002F7ECF /* Main.storyboard */,
				DECEF26E1B0ECFFA002F7ECF /* Images.xcassets */,
				DECEF2701B0ECFFA002F7ECF /* LaunchScreen.xib */,
				DECEF2661B0ECFFA002F7ECF /* iHuman.xcdatamodeld */,
				DECEF2621B0ECFFA002F7ECF /* Supporting Files */,
			);
			path = iHuman;
			sourceTree = "<group>";
		};
		DECEF2621B0ECFFA002F7ECF /* Supporting Files */ = {
			isa = PBXGroup;
			children = (
				DECEF2631B0ECFFA002F7ECF /* Info.plist */,
			);
			name = "Supporting Files";
			sourceTree = "<group>";
		};
		DECEF27A1B0ECFFA002F7ECF /* iHumanTests */ = {
			isa = PBXGroup;
			children = (
				DECEF27D1B0ECFFA002F7ECF /* iHumanTests.swift */,
				DECEF27B1B0ECFFA002F7ECF /* Supporting Files */,
			);
			path = iHumanTests;
			sourceTree = "<group>";
		};
		DECEF27B1B0ECFFA002F7ECF /* Supporting Files */ = {
			isa = PBXGroup;
			children = (
				DECEF27C1B0ECFFA002F7ECF /* Info.plist */,
			);
			name = "Supporting Files";
			sourceTree = "<group>";
		};
/* End PBXGroup section */

/* Begin PBXNativeTarget section */
		DECEF25E1B0ECFFA002F7ECF /* iHuman */ = {
			isa = PBXNativeTarget;
			buildConfigurationList = DECEF2811B0ECFFA002F7ECF /* Build configuration list for PBXNativeTarget "iHuman" */;
			buildPhases = (
				DECEF25B1B0ECFFA002F7ECF /* Sources */,
				DECEF25C1B0ECFFA002F7ECF /* Frameworks */,
				DECEF25D1B0ECFFA002F7ECF /* Resources */,
			);
			buildRules = (
			);
			dependencies = (
			);
			name = iHuman;
			productName = iHuman;
			productReference = DECEF25F1B0ECFFA002F7ECF /* iHuman.app */;
			productType = "com.apple.product-type.application";
		};
		DECEF2761B0ECFFA002F7ECF /* iHumanTests */ = {
			isa = PBXNativeTarget;
			buildConfigurationList = DECEF2841B0ECFFA002F7ECF /* Build configuration list for PBXNativeTarget "iHumanTests" */;
			buildPhases = (
				DECEF2731B0ECFFA002F7ECF /* Sources */,
				DECEF2741B0ECFFA002F7ECF /* Frameworks */,
				DECEF2751B0ECFFA002F7ECF /* Resources */,
			);
			buildRules = (
			);
			dependencies = (
				DECEF2791B0ECFFA002F7ECF /* PBXTargetDependency */,
			);
			name = iHumanTests;
			productName = iHumanTests;
			productReference = DECEF2771B0ECFFA002F7ECF /* iHumanTests.xctest */;
			productType = "com.apple.product-type.bundle.unit-test";
		};
/* End PBXNativeTarget section */

/* Begin PBXProject section */
		DECEF2571B0ECFFA002F7ECF /* Project object */ = {
			isa = PBXProject;
			attributes = {
				LastUpgradeCheck = 0630;
				ORGANIZATIONNAME = "Codian-X";
				TargetAttributes = {
					DECEF25E1B0ECFFA002F7ECF = {
						CreatedOnToolsVersion = 6.3.1;
					};
					DECEF2761B0ECFFA002F7ECF = {
						CreatedOnToolsVersion = 6.3.1;
						TestTargetID = DECEF25E1B0ECFFA002F7ECF;
					};
				};
			};
			buildConfigurationList = DECEF25A1B0ECFFA002F7ECF /* Build configuration list for PBXProject "iHuman" */;
			compatibilityVersion = "Xcode 3.2";
			developmentRegion = English;
			hasScannedForEncodings = 0;
			knownRegions = (
				en,
				Base,
			);
			mainGroup = DECEF2561B0ECFFA002F7ECF;
			productRefGroup = DECEF2601B0ECFFA002F7ECF /* Products */;
			projectDirPath = "";
			projectRoot = "";
			targets = (
				DECEF25E1B0ECFFA002F7ECF /* iHuman */,
				DECEF2761B0ECFFA002F7ECF /* iHumanTests */,
			);
		};
/* End PBXProject section */

/* Begin PBXResourcesBuildPhase section */
		DECEF25D1B0ECFFA002F7ECF /* Resources */ = {
			isa = PBXResourcesBuildPhase;
			buildActionMask = 2147483647;
			files = (
				DE9DBBB01B10EA0F00DF9283 /* Sign-In-Bg.jpg in Resources */,
				DECEF26D1B0ECFFA002F7ECF /* Main.storyboard in Resources */,
				DECEF2721B0ECFFA002F7ECF /* LaunchScreen.xib in Resources */,
				DE9DBBB21B10EE1A00DF9283 /* Icon-76@3x.png in Resources */,
				DECEF26F1B0ECFFA002F7ECF /* Images.xcassets in Resources */,
			);
			runOnlyForDeploymentPostprocessing = 0;
		};
		DECEF2751B0ECFFA002F7ECF /* Resources */ = {
			isa = PBXResourcesBuildPhase;
			buildActionMask = 2147483647;
			files = (
			);
			runOnlyForDeploymentPostprocessing = 0;
		};
/* End PBXResourcesBuildPhase section */

/* Begin PBXSourcesBuildPhase section */
		DECEF25B1B0ECFFA002F7ECF /* Sources */ = {
			isa = PBXSourcesBuildPhase;
			buildActionMask = 2147483647;
			files = (
				DECEF26A1B0ECFFA002F7ECF /* ViewController.swift in Sources */,
				DECEF2651B0ECFFA002F7ECF /* AppDelegate.swift in Sources */,
				DECEF2681B0ECFFA002F7ECF /* iHuman.xcdatamodeld in Sources */,
				DE9DBBBA1B131CAA00DF9283 /* SwiftyJSON.swift in Sources */,
			);
			runOnlyForDeploymentPostprocessing = 0;
		};
		DECEF2731B0ECFFA002F7ECF /* Sources */ = {
			isa = PBXSourcesBuildPhase;
			buildActionMask = 2147483647;
			files = (
				DECEF27E1B0ECFFA002F7ECF /* iHumanTests.swift in Sources */,
			);
			runOnlyForDeploymentPostprocessing = 0;
		};
/* End PBXSourcesBuildPhase section */

/* Begin PBXTargetDependency section */
		DECEF2791B0ECFFA002F7ECF /* PBXTargetDependency */ = {
			isa = PBXTargetDependency;
			target = DECEF25E1B0ECFFA002F7ECF /* iHuman */;
			targetProxy = DECEF2781B0ECFFA002F7ECF /* PBXContainerItemProxy */;
		};
/* End PBXTargetDependency section */

/* Begin PBXVariantGroup section */
		DECEF26B1B0ECFFA002F7ECF /* Main.storyboard */ = {
			isa = PBXVariantGroup;
			children = (
				DECEF26C1B0ECFFA002F7ECF /* Base */,
			);
			name = Main.storyboard;
			sourceTree = "<group>";
		};
		DECEF2701B0ECFFA002F7ECF /* LaunchScreen.xib */ = {
			isa = PBXVariantGroup;
			children = (
				DECEF2711B0ECFFA002F7ECF /* Base */,
			);
			name = LaunchScreen.xib;
			sourceTree = "<group>";
		};
/* End PBXVariantGroup section */

/* Begin XCBuildConfiguration section */
		DECEF27F1B0ECFFA002F7ECF /* Debug */ = {
			isa = XCBuildConfiguration;
			buildSettings = {
				ALWAYS_SEARCH_USER_PATHS = NO;
				CLANG_CXX_LANGUAGE_STANDARD = "gnu++0x";
				CLANG_CXX_LIBRARY = "libc++";
				CLANG_ENABLE_MODULES = YES;
				CLANG_ENABLE_OBJC_ARC = YES;
				CLANG_WARN_BOOL_CONVERSION = YES;
				CLANG_WARN_CONSTANT_CONVERSION = YES;
				CLANG_WARN_DIRECT_OBJC_ISA_USAGE = YES_ERROR;
				CLANG_WARN_EMPTY_BODY = YES;
				CLANG_WARN_ENUM_CONVERSION = YES;
				CLANG_WARN_INT_CONVERSION = YES;
				CLANG_WARN_OBJC_ROOT_CLASS = YES_ERROR;
				CLANG_WARN_UNREACHABLE_CODE = YES;
				CLANG_WARN__DUPLICATE_METHOD_MATCH = YES;
				"CODE_SIGN_IDENTITY[sdk=iphoneos*]" = "iPhone Developer";
				COPY_PHASE_STRIP = NO;
				DEBUG_INFORMATION_FORMAT = "dwarf-with-dsym";
				ENABLE_STRICT_OBJC_MSGSEND = YES;
				GCC_C_LANGUAGE_STANDARD = gnu99;
				GCC_DYNAMIC_NO_PIC = NO;
				GCC_NO_COMMON_BLOCKS = YES;
				GCC_OPTIMIZATION_LEVEL = 0;
				GCC_PREPROCESSOR_DEFINITIONS = (
					"DEBUG=1",
					"$(inherited)",
				);
				GCC_SYMBOLS_PRIVATE_EXTERN = NO;
				GCC_WARN_64_TO_32_BIT_CONVERSION = YES;
				GCC_WARN_ABOUT_RETURN_TYPE = YES_ERROR;
				GCC_WARN_UNDECLARED_SELECTOR = YES;
				GCC_WARN_UNINITIALIZED_AUTOS = YES_AGGRESSIVE;
				GCC_WARN_UNUSED_FUNCTION = YES;
				GCC_WARN_UNUSED_VARIABLE = YES;
				IPHONEOS_DEPLOYMENT_TARGET = 8.3;
				MTL_ENABLE_DEBUG_INFO = YES;
				ONLY_ACTIVE_ARCH = YES;
				SDKROOT = iphoneos;
				SWIFT_OPTIMIZATION_LEVEL = "-Onone";
				TARGETED_DEVICE_FAMILY = "1,2";
			};
			name = Debug;
		};
		DECEF2801B0ECFFA002F7ECF /* Release */ = {
			isa = XCBuildConfiguration;
			buildSettings = {
				ALWAYS_SEARCH_USER_PATHS = NO;
				CLANG_CXX_LANGUAGE_STANDARD = "gnu++0x";
				CLANG_CXX_LIBRARY = "libc++";
				CLANG_ENABLE_MODULES = YES;
				CLANG_ENABLE_OBJC_ARC = YES;
				CLANG_WARN_BOOL_CONVERSION = YES;
				CLANG_WARN_CONSTANT_CONVERSION = YES;
				CLANG_WARN_DIRECT_OBJC_ISA_USAGE = YES_ERROR;
				CLANG_WARN_EMPTY_BODY = YES;
				CLANG_WARN_ENUM_CONVERSION = YES;
				CLANG_WARN_INT_CONVERSION = YES;
				CLANG_WARN_OBJC_ROOT_CLASS = YES_ERROR;
				CLANG_WARN_UNREACHABLE_CODE = YES;
				CLANG_WARN__DUPLICATE_METHOD_MATCH = YES;
				"CODE_SIGN_IDENTITY[sdk=iphoneos*]" = "iPhone Developer";
				COPY_PHASE_STRIP = NO;
				DEBUG_INFORMATION_FORMAT = "dwarf-with-dsym";
				ENABLE_NS_ASSERTIONS = NO;
				ENABLE_STRICT_OBJC_MSGSEND = YES;
				GCC_C_LANGUAGE_STANDARD = gnu99;
				GCC_NO_COMMON_BLOCKS = YES;
				GCC_WARN_64_TO_32_BIT_CONVERSION = YES;
				GCC_WARN_ABOUT_RETURN_TYPE = YES_ERROR;
				GCC_WARN_UNDECLARED_SELECTOR = YES;
				GCC_WARN_UNINITIALIZED_AUTOS = YES_AGGRESSIVE;
				GCC_WARN_UNUSED_FUNCTION = YES;
				GCC_WARN_UNUSED_VARIABLE = YES;
				IPHONEOS_DEPLOYMENT_TARGET = 8.3;
				MTL_ENABLE_DEBUG_INFO = NO;
				SDKROOT = iphoneos;
				TARGETED_DEVICE_FAMILY = "1,2";
				VALIDATE_PRODUCT = YES;
			};
			name = Release;
		};
		DECEF2821B0ECFFA002F7ECF /* Debug */ = {
			isa = XCBuildConfiguration;
			buildSettings = {
				ASSETCATALOG_COMPILER_APPICON_NAME = AppIcon;
				INFOPLIST_FILE = iHuman/Info.plist;
				LD_RUNPATH_SEARCH_PATHS = "$(inherited) @executable_path/Frameworks";
				LIBRARY_SEARCH_PATHS = (
					"$(inherited)",
					/Users/Sarr/Downloads/GoogleAnalyticsServicesiOS_3.12,
				);
				PRODUCT_NAME = "$(TARGET_NAME)";
			};
			name = Debug;
		};
		DECEF2831B0ECFFA002F7ECF /* Release */ = {
			isa = XCBuildConfiguration;
			buildSettings = {
				ASSETCATALOG_COMPILER_APPICON_NAME = AppIcon;
				INFOPLIST_FILE = iHuman/Info.plist;
				LD_RUNPATH_SEARCH_PATHS = "$(inherited) @executable_path/Frameworks";
				LIBRARY_SEARCH_PATHS = (
					"$(inherited)",
					/Users/Sarr/Downloads/GoogleAnalyticsServicesiOS_3.12,
				);
				PRODUCT_NAME = "$(TARGET_NAME)";
			};
			name = Release;
		};
		DECEF2851B0ECFFA002F7ECF /* Debug */ = {
			isa = XCBuildConfiguration;
			buildSettings = {
				BUNDLE_LOADER = "$(TEST_HOST)";
				FRAMEWORK_SEARCH_PATHS = (
					"$(SDKROOT)/Developer/Library/Frameworks",
					"$(inherited)",
				);
				GCC_PREPROCESSOR_DEFINITIONS = (
					"DEBUG=1",
					"$(inherited)",
				);
				INFOPLIST_FILE = iHumanTests/Info.plist;
				LD_RUNPATH_SEARCH_PATHS = "$(inherited) @executable_path/Frameworks @loader_path/Frameworks";
				PRODUCT_NAME = "$(TARGET_NAME)";
				TEST_HOST = "$(BUILT_PRODUCTS_DIR)/iHuman.app/iHuman";
			};
			name = Debug;
		};
		DECEF2861B0ECFFA002F7ECF /* Release */ = {
			isa = XCBuildConfiguration;
			buildSettings = {
				BUNDLE_LOADER = "$(TEST_HOST)";
				FRAMEWORK_SEARCH_PATHS = (
					"$(SDKROOT)/Developer/Library/Frameworks",
					"$(inherited)",
				);
				INFOPLIST_FILE = iHumanTests/Info.plist;
				LD_RUNPATH_SEARCH_PATHS = "$(inherited) @executable_path/Frameworks @loader_path/Frameworks";
				PRODUCT_NAME = "$(TARGET_NAME)";
				TEST_HOST = "$(BUILT_PRODUCTS_DIR)/iHuman.app/iHuman";
			};
			name = Release;
		};
/* End XCBuildConfiguration section */

/* Begin XCConfigurationList section */
		DECEF25A1B0ECFFA002F7ECF /* Build configuration list for PBXProject "iHuman" */ = {
			isa = XCConfigurationList;
			buildConfigurations = (
				DECEF27F1B0ECFFA002F7ECF /* Debug */,
				DECEF2801B0ECFFA002F7ECF /* Release */,
			);
			defaultConfigurationIsVisible = 0;
			defaultConfigurationName = Release;
		};
		DECEF2811B0ECFFA002F7ECF /* Build configuration list for PBXNativeTarget "iHuman" */ = {
			isa = XCConfigurationList;
			buildConfigurations = (
				DECEF2821B0ECFFA002F7ECF /* Debug */,
				DECEF2831B0ECFFA002F7ECF /* Release */,
			);
			defaultConfigurationIsVisible = 0;
			defaultConfigurationName = Release;
		};
		DECEF2841B0ECFFA002F7ECF /* Build configuration list for PBXNativeTarget "iHumanTests" */ = {
			isa = XCConfigurationList;
			buildConfigurations = (
				DECEF2851B0ECFFA002F7ECF /* Debug */,
				DECEF2861B0ECFFA002F7ECF /* Release */,
			);
			defaultConfigurationIsVisible = 0;
			defaultConfigurationName = Release;
		};
/* End XCConfigurationList section */

/* Begin XCVersionGroup section */
		DECEF2661B0ECFFA002F7ECF /* iHuman.xcdatamodeld */ = {
			isa = XCVersionGroup;
			children = (
				DECEF2671B0ECFFA002F7ECF /* iHuman.xcdatamodel */,
			);
			currentVersion = DECEF2671B0ECFFA002F7ECF /* iHuman.xcdatamodel */;
			path = iHuman.xcdatamodeld;
			sourceTree = "<group>";
			versionGroupType = wrapper.xcdatamodel;
		};
/* End XCVersionGroup section */
	};
	rootObject = DECEF2571B0ECFFA002F7ECF /* Project object */;
}
